
Microsoft Visual Studio Solution File, Format Version 12.00
# Visual Studio Version 16
VisualStudioVersion = 16.0.29306.81
MinimumVisualStudioVersion = 10.0.40219.1
Project("{FAE04EC0-301F-11D3-BF4B-00C04F79EFBC}") = "StandardApp", "StandardApp\StandardApp.csproj", "{1E4AEF84-8E6B-4966-A25A-ACCBAB91CFCA}"
EndProject
Global
	GlobalSection(SolutionConfigurationPlatforms) = preSolution
		Debug|Any CPU = Debug|Any CPU
		Release|Any CPU = Release|Any CPU
	EndGlobalSection
	GlobalSection(ProjectConfigurationPlatforms) = postSolution
		{1E4AEF84-8E6B-4966-A25A-ACCBAB91CFCA}.Debug|Any CPU.ActiveCfg = Debug|Any CPU
		{1E4AEF84-8E6B-4966-A25A-ACCBAB91CFCA}.Debug|Any CPU.Build.0 = Debug|Any CPU
		{1E4AEF84-8E6B-4966-A25A-ACCBAB91CFCA}.Release|Any CPU.ActiveCfg = Release|Any CPU
		{1E4AEF84-8E6B-4966-A25A-ACCBAB91CFCA}.Release|Any CPU.Build.0 = Release|Any CPU
	EndGlobalSection
	GlobalSection(SolutionProperties) = preSolution
		HideSolutionNode = FALSE
	EndGlobalSection
	GlobalSection(ExtensibilityGlobals) = postSolution
		SolutionGuid = {6317F266-6C49-4880-97BE-193A26788F13}
	EndGlobalSection
EndGlobal
